
Microsoft Visual Studio Solution File, Format Version 12.00
# Visual Studio Version 17
VisualStudioVersion = 17.1.32421.90
MinimumVisualStudioVersion = 10.0.40219.1
Project("{FAE04EC0-301F-11D3-BF4B-00C04F79EFBC}") = "ClassRegistrationApi", "ClassRegistrationApi\ClassRegistrationApi.csproj", "{CAE68A61-EB30-4A54-84FA-4FAA9A85479E}"
EndProject
Global
	GlobalSection(SolutionConfigurationPlatforms) = preSolution
		Debug|Any CPU = Debug|Any CPU
		Release|Any CPU = Release|Any CPU
	EndGlobalSection
	GlobalSection(ProjectConfigurationPlatforms) = postSolution
		{CAE68A61-EB30-4A54-84FA-4FAA9A85479E}.Debug|Any CPU.ActiveCfg = Debug|Any CPU
		{CAE68A61-EB30-4A54-84FA-4FAA9A85479E}.Debug|Any CPU.Build.0 = Debug|Any CPU
		{CAE68A61-EB30-4A54-84FA-4FAA9A85479E}.Release|Any CPU.ActiveCfg = Release|Any CPU
		{CAE68A61-EB30-4A54-84FA-4FAA9A85479E}.Release|Any CPU.Build.0 = Release|Any CPU
	EndGlobalSection
	GlobalSection(SolutionProperties) = preSolution
		HideSolutionNode = FALSE
	EndGlobalSection
	GlobalSection(ExtensibilityGlobals) = postSolution
		SolutionGuid = {BCB6DE3D-EC5C-46F4-A58B-0487FD7D39E4}
	EndGlobalSection
EndGlobal
